
Microsoft Visual Studio Solution File, Format Version 12.00
# Visual Studio Version 16
VisualStudioVersion = 16.0.31613.86
MinimumVisualStudioVersion = 10.0.40219.1
Project("{FAE04EC0-301F-11D3-BF4B-00C04F79EFBC}") = "ClothBazar.Web", "ClothBazar.Web\ClothBazar.Web.csproj", "{DB594716-2558-4223-AA12-7D3C5CE25AE1}"
EndProject
Global
	GlobalSection(SolutionConfigurationPlatforms) = preSolution
		Debug|Any CPU = Debug|Any CPU
		Release|Any CPU = Release|Any CPU
	EndGlobalSection
	GlobalSection(ProjectConfigurationPlatforms) = postSolution
		{DB594716-2558-4223-AA12-7D3C5CE25AE1}.Debug|Any CPU.ActiveCfg = Debug|Any CPU
		{DB594716-2558-4223-AA12-7D3C5CE25AE1}.Debug|Any CPU.Build.0 = Debug|Any CPU
		{DB594716-2558-4223-AA12-7D3C5CE25AE1}.Release|Any CPU.ActiveCfg = Release|Any CPU
		{DB594716-2558-4223-AA12-7D3C5CE25AE1}.Release|Any CPU.Build.0 = Release|Any CPU
	EndGlobalSection
	GlobalSection(SolutionProperties) = preSolution
		HideSolutionNode = FALSE
	EndGlobalSection
	GlobalSection(ExtensibilityGlobals) = postSolution
		SolutionGuid = {09E97750-C16D-4C94-9D4D-A86D32415722}
	EndGlobalSection
EndGlobal
